
Microsoft Visual Studio Solution File, Format Version 12.00
# Visual Studio Version 17
VisualStudioVersion = 17.3.32825.248
MinimumVisualStudioVersion = 10.0.40219.1
Project("{FAE04EC0-301F-11D3-BF4B-00C04F79EFBC}") = "WinFormsApp4", "WinFormsApp4\WinFormsApp4.csproj", "{6F31A7D1-7ED3-4A4E-968B-2066FCBCB16E}"
EndProject
Global
	GlobalSection(SolutionConfigurationPlatforms) = preSolution
		Debug|Any CPU = Debug|Any CPU
		Release|Any CPU = Release|Any CPU
	EndGlobalSection
	GlobalSection(ProjectConfigurationPlatforms) = postSolution
		{6F31A7D1-7ED3-4A4E-968B-2066FCBCB16E}.Debug|Any CPU.ActiveCfg = Debug|Any CPU
		{6F31A7D1-7ED3-4A4E-968B-2066FCBCB16E}.Debug|Any CPU.Build.0 = Debug|Any CPU
		{6F31A7D1-7ED3-4A4E-968B-2066FCBCB16E}.Release|Any CPU.ActiveCfg = Release|Any CPU
		{6F31A7D1-7ED3-4A4E-968B-2066FCBCB16E}.Release|Any CPU.Build.0 = Release|Any CPU
	EndGlobalSection
	GlobalSection(SolutionProperties) = preSolution
		HideSolutionNode = FALSE
	EndGlobalSection
	GlobalSection(ExtensibilityGlobals) = postSolution
		SolutionGuid = {005BDBA4-9BBB-4AD4-974E-81B0A6E92DD9}
	EndGlobalSection
EndGlobal
